
Microsoft Visual Studio Solution File, Format Version 12.00
# Visual Studio Version 16
VisualStudioVersion = 16.0.30611.23
MinimumVisualStudioVersion = 10.0.40219.1
Project("{FAE04EC0-301F-11D3-BF4B-00C04F79EFBC}") = "CodeFirstLab", "CodeFirstLab\CodeFirstLab.csproj", "{C834959E-071A-4F48-9053-CBA669EDBA4A}"
EndProject
Project("{FAE04EC0-301F-11D3-BF4B-00C04F79EFBC}") = "GUILayer", "GUILayer\GUILayer.csproj", "{8536350F-C0E8-41AF-85B8-6082231A284B}"
EndProject
Global
	GlobalSection(SolutionConfigurationPlatforms) = preSolution
		Debug|Any CPU = Debug|Any CPU
		Release|Any CPU = Release|Any CPU
	EndGlobalSection
	GlobalSection(ProjectConfigurationPlatforms) = postSolution
		{C834959E-071A-4F48-9053-CBA669EDBA4A}.Debug|Any CPU.ActiveCfg = Debug|Any CPU
		{C834959E-071A-4F48-9053-CBA669EDBA4A}.Debug|Any CPU.Build.0 = Debug|Any CPU
		{C834959E-071A-4F48-9053-CBA669EDBA4A}.Release|Any CPU.ActiveCfg = Release|Any CPU
		{C834959E-071A-4F48-9053-CBA669EDBA4A}.Release|Any CPU.Build.0 = Release|Any CPU
		{8536350F-C0E8-41AF-85B8-6082231A284B}.Debug|Any CPU.ActiveCfg = Debug|Any CPU
		{8536350F-C0E8-41AF-85B8-6082231A284B}.Debug|Any CPU.Build.0 = Debug|Any CPU
		{8536350F-C0E8-41AF-85B8-6082231A284B}.Release|Any CPU.ActiveCfg = Release|Any CPU
		{8536350F-C0E8-41AF-85B8-6082231A284B}.Release|Any CPU.Build.0 = Release|Any CPU
	EndGlobalSection
	GlobalSection(SolutionProperties) = preSolution
		HideSolutionNode = FALSE
	EndGlobalSection
	GlobalSection(ExtensibilityGlobals) = postSolution
		SolutionGuid = {F378E154-EF67-449F-8471-C43CBA6409DE}
	EndGlobalSection
EndGlobal
